
Microsoft Visual Studio Solution File, Format Version 12.00
# Visual Studio Version 16
VisualStudioVersion = 16.0.31911.196
MinimumVisualStudioVersion = 10.0.40219.1
Project("{9A19103F-16F7-4668-BE54-9A1E7A4F7556}") = "GitignoreParserNet", "GitignoreParserNet.csproj", "{68EF26FD-8CF2-495E-A931-56799944C1A7}"
EndProject
Project("{9A19103F-16F7-4668-BE54-9A1E7A4F7556}") = "Tests", "Tests\Tests.csproj", "{96F142D3-88CB-457C-B2B7-D127D5BFD452}"
	ProjectSection(ProjectDependencies) = postProject
		{68EF26FD-8CF2-495E-A931-56799944C1A7} = {68EF26FD-8CF2-495E-A931-56799944C1A7}
	EndProjectSection
EndProject
Global
	GlobalSection(SolutionConfigurationPlatforms) = preSolution
		Debug|Any CPU = Debug|Any CPU
		Release|Any CPU = Release|Any CPU
	EndGlobalSection
	GlobalSection(ProjectConfigurationPlatforms) = postSolution
		{68EF26FD-8CF2-495E-A931-56799944C1A7}.Debug|Any CPU.ActiveCfg = Debug|Any CPU
		{68EF26FD-8CF2-495E-A931-56799944C1A7}.Debug|Any CPU.Build.0 = Debug|Any CPU
		{68EF26FD-8CF2-495E-A931-56799944C1A7}.Release|Any CPU.ActiveCfg = Release|Any CPU
		{68EF26FD-8CF2-495E-A931-56799944C1A7}.Release|Any CPU.Build.0 = Release|Any CPU
		{96F142D3-88CB-457C-B2B7-D127D5BFD452}.Debug|Any CPU.ActiveCfg = Debug|Any CPU
		{96F142D3-88CB-457C-B2B7-D127D5BFD452}.Debug|Any CPU.Build.0 = Debug|Any CPU
		{96F142D3-88CB-457C-B2B7-D127D5BFD452}.Release|Any CPU.ActiveCfg = Release|Any CPU
		{96F142D3-88CB-457C-B2B7-D127D5BFD452}.Release|Any CPU.Build.0 = Release|Any CPU
	EndGlobalSection
	GlobalSection(SolutionProperties) = preSolution
		HideSolutionNode = FALSE
	EndGlobalSection
	GlobalSection(ExtensibilityGlobals) = postSolution
		SolutionGuid = {FA4174DB-9953-4DA8-BD39-6D1EADEB0594}
	EndGlobalSection
EndGlobal
